
Microsoft Visual Studio Solution File, Format Version 11.00
# Visual Studio 2010
Project("{FAE04EC0-301F-11D3-BF4B-00C04F79EFBC}") = "Guesstimate", "Guesstimate.csproj", "{206DBCB9-7E19-4426-AC2C-CF65FF37B570}"
EndProject
Global
	GlobalSection(SolutionConfigurationPlatforms) = preSolution
		Debug|x86 = Debug|x86
		Release|x86 = Release|x86
	EndGlobalSection
	GlobalSection(ProjectConfigurationPlatforms) = postSolution
		{206DBCB9-7E19-4426-AC2C-CF65FF37B570}.Debug|x86.ActiveCfg = Debug|x86
		{206DBCB9-7E19-4426-AC2C-CF65FF37B570}.Debug|x86.Build.0 = Debug|x86
		{206DBCB9-7E19-4426-AC2C-CF65FF37B570}.Release|x86.ActiveCfg = Release|x86
		{206DBCB9-7E19-4426-AC2C-CF65FF37B570}.Release|x86.Build.0 = Release|x86
	EndGlobalSection
	GlobalSection(SolutionProperties) = preSolution
		HideSolutionNode = FALSE
	EndGlobalSection
EndGlobal
